<?xml version="1.0" encoding="utf-8"?>
<Project ToolsVersion="4.0" xmlns="http://schemas.microsoft.com/developer/msbuild/2003">
  <ItemGroup>
    <Filter Include="Source Files">
      <UniqueIdentifier>{4FC737F1-C7A5-4376-A066-2A32D752A2FF}</UniqueIdentifier>
      <Extensions>cpp;c;cc;cxx;def;odl;idl;hpj;bat;asm;asmx</Extensions>
    </Filter>
    <Filter Include="Header Files">
      <UniqueIdentifier>{93995380-89BD-4b04-88EB-625FBE52EBFB}</UniqueIdentifier>
      <Extensions>h;hh;hpp;hxx;hm;inl;inc;xsd</Extensions>
    </Filter>
    <Filter Include="Resource Files">
      <UniqueIdentifier>{67DA6AB6-F800-4c08-8B7A-83BB121AAD01}</UniqueIdentifier>
      <Extensions>rc;ico;cur;bmp;dlg;rc2;rct;bin;rgs;gif;jpg;jpeg;jpe;resx;tiff;tif;png;wav</Extensions>
    </Filter>
  </ItemGroup>
  <ItemGroup>
    <ClCompile Include="code\BirdInput.cpp">
      <Filter>Source Files</Filter>
    </ClCompile>
    <ClCompile Include="code\Circle.cpp">
      <Filter>Source Files</Filter>
    </ClCompile>
    <ClCompile Include="code\CursorDispl.cpp">
      <Filter>Source Files</Filter>
    </ClCompile>
    <ClCompile Include="code\DataWriter.cpp">
      <Filter>Source Files</Filter>
    </ClCompile>
    <ClCompile Include="code\DataWriter_old.cpp">
      <Filter>Source Files</Filter>
    </ClCompile>
    <ClCompile Include="code\DynObj.cpp">
      <Filter>Source Files</Filter>
    </ClCompile>
    <ClCompile Include="code\Ellipse.cpp">
      <Filter>Source Files</Filter>
    </ClCompile>
    <ClCompile Include="code\EllipseE.cpp">
      <Filter>Source Files</Filter>
    </ClCompile>
    <ClCompile Include="code\ExtFile.cpp">
      <Filter>Source Files</Filter>
    </ClCompile>
    <ClCompile Include="code\HandCursor.cpp">
      <Filter>Source Files</Filter>
    </ClCompile>
    <ClCompile Include="code\Image.cpp">
      <Filter>Source Files</Filter>
    </ClCompile>
    <ClCompile Include="code\main.cpp">
      <Filter>Source Files</Filter>
    </ClCompile>
    <ClCompile Include="code\MouseInput.cpp">
      <Filter>Source Files</Filter>
    </ClCompile>
    <ClCompile Include="code\Object2D.cpp">
      <Filter>Source Files</Filter>
    </ClCompile>
    <ClCompile Include="code\Rect.cpp">
      <Filter>Source Files</Filter>
    </ClCompile>
    <ClCompile Include="code\Region2D.cpp">
      <Filter>Source Files</Filter>
    </ClCompile>
    <ClCompile Include="code\Sound.cpp">
      <Filter>Source Files</Filter>
    </ClCompile>
    <ClCompile Include="code\SpeedBar.cpp">
      <Filter>Source Files</Filter>
    </ClCompile>
    <ClCompile Include="code\TrackBird.cpp">
      <Filter>Source Files</Filter>
    </ClCompile>
    <ClCompile Include="code\TrakStar.cpp">
      <Filter>Source Files</Filter>
    </ClCompile>
    <ClCompile Include="code\Trial.cpp">
      <Filter>Source Files</Filter>
    </ClCompile>
  </ItemGroup>
  <ItemGroup>
    <ClInclude Include="code\BirdInput.h">
      <Filter>Header Files</Filter>
    </ClInclude>
    <ClInclude Include="code\Circle.h">
      <Filter>Header Files</Filter>
    </ClInclude>
    <ClInclude Include="code\config.h">
      <Filter>Header Files</Filter>
    </ClInclude>
    <ClInclude Include="code\CursorDispl.h">
      <Filter>Header Files</Filter>
    </ClInclude>
    <ClInclude Include="code\DataWriter.h">
      <Filter>Header Files</Filter>
    </ClInclude>
    <ClInclude Include="code\DataWriter_old.h">
      <Filter>Header Files</Filter>
    </ClInclude>
    <ClInclude Include="code\DynObj.h">
      <Filter>Header Files</Filter>
    </ClInclude>
    <ClInclude Include="code\Ellipse.h">
      <Filter>Header Files</Filter>
    </ClInclude>
    <ClInclude Include="code\EllipseE.h">
      <Filter>Header Files</Filter>
    </ClInclude>
    <ClInclude Include="code\ExtFile.h">
      <Filter>Header Files</Filter>
    </ClInclude>
    <ClInclude Include="code\HandCursor.h">
      <Filter>Header Files</Filter>
    </ClInclude>
    <ClInclude Include="code\Image.h">
      <Filter>Header Files</Filter>
    </ClInclude>
    <ClInclude Include="code\InputDevice.h">
      <Filter>Header Files</Filter>
    </ClInclude>
    <ClInclude Include="code\InputFrame.h">
      <Filter>Header Files</Filter>
    </ClInclude>
    <ClInclude Include="code\MouseInput.h">
      <Filter>Header Files</Filter>
    </ClInclude>
    <ClInclude Include="code\Object2D.h">
      <Filter>Header Files</Filter>
    </ClInclude>
    <ClInclude Include="code\Rect.h">
      <Filter>Header Files</Filter>
    </ClInclude>
    <ClInclude Include="code\Region2D.h">
      <Filter>Header Files</Filter>
    </ClInclude>
    <ClInclude Include="code\Sound.h">
      <Filter>Header Files</Filter>
    </ClInclude>
    <ClInclude Include="code\SpeedBar.h">
      <Filter>Header Files</Filter>
    </ClInclude>
    <ClInclude Include="code\TrackBird.h">
      <Filter>Header Files</Filter>
    </ClInclude>
    <ClInclude Include="code\TrakStar.h">
      <Filter>Header Files</Filter>
    </ClInclude>
    <ClInclude Include="code\Trial.h">
      <Filter>Header Files</Filter>
    </ClInclude>
    <ClInclude Include="Code\HardwareDependency\SDL-1.2.15\include\begin_code.h">
      <Filter>Header Files</Filter>
    </ClInclude>
    <ClInclude Include="Code\HardwareDependency\SDL-1.2.15\include\close_code.h">
      <Filter>Header Files</Filter>
    </ClInclude>
    <ClInclude Include="Code\HardwareDependency\SDL-1.2.15\include\SDL.h">
      <Filter>Header Files</Filter>
    </ClInclude>
    <ClInclude Include="Code\HardwareDependency\SDL-1.2.15\include\SDL_active.h">
      <Filter>Header Files</Filter>
    </ClInclude>
    <ClInclude Include="Code\HardwareDependency\SDL-1.2.15\include\SDL_audio.h">
      <Filter>Header Files</Filter>
    </ClInclude>
    <ClInclude Include="Code\HardwareDependency\SDL-1.2.15\include\SDL_byteorder.h">
      <Filter>Header Files</Filter>
    </ClInclude>
    <ClInclude Include="Code\HardwareDependency\SDL-1.2.15\include\SDL_cdrom.h">
      <Filter>Header Files</Filter>
    </ClInclude>
    <ClInclude Include="Code\HardwareDependency\SDL-1.2.15\include\SDL_config.h">
      <Filter>Header Files</Filter>
    </ClInclude>
    <ClInclude Include="Code\HardwareDependency\SDL-1.2.15\include\SDL_config_dreamcast.h">
      <Filter>Header Files</Filter>
    </ClInclude>
    <ClInclude Include="Code\HardwareDependency\SDL-1.2.15\include\SDL_config_macos.h">
      <Filter>Header Files</Filter>
    </ClInclude>
    <ClInclude Include="Code\HardwareDependency\SDL-1.2.15\include\SDL_config_macosx.h">
      <Filter>Header Files</Filter>
    </ClInclude>
    <ClInclude Include="Code\HardwareDependency\SDL-1.2.15\include\SDL_config_minimal.h">
      <Filter>Header Files</Filter>
    </ClInclude>
    <ClInclude Include="Code\HardwareDependency\SDL-1.2.15\include\SDL_config_nds.h">
      <Filter>Header Files</Filter>
    </ClInclude>
    <ClInclude Include="Code\HardwareDependency\SDL-1.2.15\include\SDL_config_os2.h">
      <Filter>Header Files</Filter>
    </ClInclude>
    <ClInclude Include="Code\HardwareDependency\SDL-1.2.15\include\SDL_config_symbian.h">
      <Filter>Header Files</Filter>
    </ClInclude>
    <ClInclude Include="Code\HardwareDependency\SDL-1.2.15\include\SDL_config_win32.h">
      <Filter>Header Files</Filter>
    </ClInclude>
    <ClInclude Include="Code\HardwareDependency\SDL-1.2.15\include\SDL_copying.h">
      <Filter>Header Files</Filter>
    </ClInclude>
    <ClInclude Include="Code\HardwareDependency\SDL-1.2.15\include\SDL_cpuinfo.h">
      <Filter>Header Files</Filter>
    </ClInclude>
    <ClInclude Include="Code\HardwareDependency\SDL-1.2.15\include\SDL_endian.h">
      <Filter>Header Files</Filter>
    </ClInclude>
    <ClInclude Include="Code\HardwareDependency\SDL-1.2.15\include\SDL_error.h">
      <Filter>Header Files</Filter>
    </ClInclude>
    <ClInclude Include="Code\HardwareDependency\SDL-1.2.15\include\SDL_events.h">
      <Filter>Header Files</Filter>
    </ClInclude>
    <ClInclude Include="Code\HardwareDependency\SDL-1.2.15\include\SDL_getenv.h">
      <Filter>Header Files</Filter>
    </ClInclude>
    <ClInclude Include="Code\HardwareDependency\SDL-1.2.15\include\SDL_image.h">
      <Filter>Header Files</Filter>
    </ClInclude>
    <ClInclude Include="Code\HardwareDependency\SDL-1.2.15\include\SDL_joystick.h">
      <Filter>Header Files</Filter>
    </ClInclude>
    <ClInclude Include="Code\HardwareDependency\SDL-1.2.15\include\SDL_keyboard.h">
      <Filter>Header Files</Filter>
    </ClInclude>
    <ClInclude Include="Code\HardwareDependency\SDL-1.2.15\include\SDL_keysym.h">
      <Filter>Header Files</Filter>
    </ClInclude>
    <ClInclude Include="Code\HardwareDependency\SDL-1.2.15\include\SDL_loadso.h">
      <Filter>Header Files</Filter>
    </ClInclude>
    <ClInclude Include="Code\HardwareDependency\SDL-1.2.15\include\SDL_main.h">
      <Filter>Header Files</Filter>
    </ClInclude>
    <ClInclude Include="Code\HardwareDependency\SDL-1.2.15\include\SDL_mixer.h">
      <Filter>Header Files</Filter>
    </ClInclude>
    <ClInclude Include="Code\HardwareDependency\SDL-1.2.15\include\SDL_mouse.h">
      <Filter>Header Files</Filter>
    </ClInclude>
    <ClInclude Include="Code\HardwareDependency\SDL-1.2.15\include\SDL_mutex.h">
      <Filter>Header Files</Filter>
    </ClInclude>
    <ClInclude Include="Code\HardwareDependency\SDL-1.2.15\include\SDL_name.h">
      <Filter>Header Files</Filter>
    </ClInclude>
    <ClInclude Include="Code\HardwareDependency\SDL-1.2.15\include\SDL_opengl.h">
      <Filter>Header Files</Filter>
    </ClInclude>
    <ClInclude Include="Code\HardwareDependency\SDL-1.2.15\include\SDL_platform.h">
      <Filter>Header Files</Filter>
    </ClInclude>
    <ClInclude Include="Code\HardwareDependency\SDL-1.2.15\include\SDL_quit.h">
      <Filter>Header Files</Filter>
    </ClInclude>
    <ClInclude Include="Code\HardwareDependency\SDL-1.2.15\include\SDL_rwops.h">
      <Filter>Header Files</Filter>
    </ClInclude>
    <ClInclude Include="Code\HardwareDependency\SDL-1.2.15\include\SDL_stdinc.h">
      <Filter>Header Files</Filter>
    </ClInclude>
    <ClInclude Include="Code\HardwareDependency\SDL-1.2.15\include\SDL_syswm.h">
      <Filter>Header Files</Filter>
    </ClInclude>
    <ClInclude Include="Code\HardwareDependency\SDL-1.2.15\include\SDL_thread.h">
      <Filter>Header Files</Filter>
    </ClInclude>
    <ClInclude Include="Code\HardwareDependency\SDL-1.2.15\include\SDL_timer.h">
      <Filter>Header Files</Filter>
    </ClInclude>
    <ClInclude Include="Code\HardwareDependency\SDL-1.2.15\include\SDL_ttf.h">
      <Filter>Header Files</Filter>
    </ClInclude>
    <ClInclude Include="Code\HardwareDependency\SDL-1.2.15\include\SDL_types.h">
      <Filter>Header Files</Filter>
    </ClInclude>
    <ClInclude Include="Code\HardwareDependency\SDL-1.2.15\include\SDL_version.h">
      <Filter>Header Files</Filter>
    </ClInclude>
    <ClInclude Include="Code\HardwareDependency\SDL-1.2.15\include\SDL_video.h">
      <Filter>Header Files</Filter>
    </ClInclude>
  </ItemGroup>
</Project>